// !$*UTF8*$!
{
	archiveVersion = 1;
	classes = {
	};
	objectVersion = 55;
	objects = {

/* Begin PBXBuildFile section */
		B71D6F51292FA014001574A0 /* Currency.swift in Sources */ = {isa = PBXBuildFile; fileRef = B71D6F4B292FA014001574A0 /* Currency.swift */; };
		B71D6F52292FA014001574A0 /* Result.swift in Sources */ = {isa = PBXBuildFile; fileRef = B71D6F4C292FA014001574A0 /* Result.swift */; };
		B71D6F53292FA014001574A0 /* ConversionData.swift in Sources */ = {isa = PBXBuildFile; fileRef = B71D6F4D292FA014001574A0 /* ConversionData.swift */; };
		B71D6F54292FA014001574A0 /* CurrencyHistory.swift in Sources */ = {isa = PBXBuildFile; fileRef = B71D6F4E292FA014001574A0 /* CurrencyHistory.swift */; };
		B71D6F55292FA014001574A0 /* RatesDetailModel.swift in Sources */ = {isa = PBXBuildFile; fileRef = B71D6F4F292FA014001574A0 /* RatesDetailModel.swift */; };
		B71D6F56292FA014001574A0 /* ErrorModel.swift in Sources */ = {isa = PBXBuildFile; fileRef = B71D6F50292FA014001574A0 /* ErrorModel.swift */; };
		B71D6F59292FA074001574A0 /* ApiHandler.swift in Sources */ = {isa = PBXBuildFile; fileRef = B71D6F58292FA074001574A0 /* ApiHandler.swift */; };
		B71D6F5D292FA092001574A0 /* Settings.swift in Sources */ = {isa = PBXBuildFile; fileRef = B71D6F5B292FA091001574A0 /* Settings.swift */; };
		B71D6F5E292FA092001574A0 /* CommonMethods.swift in Sources */ = {isa = PBXBuildFile; fileRef = B71D6F5C292FA091001574A0 /* CommonMethods.swift */; };
		B71D6F62292FA0D2001574A0 /* UIAlertView.swift in Sources */ = {isa = PBXBuildFile; fileRef = B71D6F60292FA0D2001574A0 /* UIAlertView.swift */; };
		B71D6F63292FA0D2001574A0 /* UIActivityIndicatorView.swift in Sources */ = {isa = PBXBuildFile; fileRef = B71D6F61292FA0D2001574A0 /* UIActivityIndicatorView.swift */; };
		B71D6F6C292FA13E001574A0 /* HistoryMainVC.swift in Sources */ = {isa = PBXBuildFile; fileRef = B71D6F65292FA13E001574A0 /* HistoryMainVC.swift */; };
		B71D6F6D292FA13E001574A0 /* CurrencyDetailsVC.swift in Sources */ = {isa = PBXBuildFile; fileRef = B71D6F66292FA13E001574A0 /* CurrencyDetailsVC.swift */; };
		B71D6F6E292FA13E001574A0 /* HistoryDetailsVC.swift in Sources */ = {isa = PBXBuildFile; fileRef = B71D6F67292FA13E001574A0 /* HistoryDetailsVC.swift */; };
		B71D6F6F292FA13E001574A0 /* RatesTVC.swift in Sources */ = {isa = PBXBuildFile; fileRef = B71D6F68292FA13E001574A0 /* RatesTVC.swift */; };
		B71D6F71292FA13E001574A0 /* ConverterVC.swift in Sources */ = {isa = PBXBuildFile; fileRef = B71D6F6A292FA13E001574A0 /* ConverterVC.swift */; };
		B71D6F72292FA13E001574A0 /* CurrenciesVC.swift in Sources */ = {isa = PBXBuildFile; fileRef = B71D6F6B292FA13E001574A0 /* CurrenciesVC.swift */; };
		B71D6F77292FDD91001574A0 /* RateCell.swift in Sources */ = {isa = PBXBuildFile; fileRef = B71D6F74292FDD91001574A0 /* RateCell.swift */; };
		B71D6F78292FDD91001574A0 /* CurrencyCell.swift in Sources */ = {isa = PBXBuildFile; fileRef = B71D6F75292FDD91001574A0 /* CurrencyCell.swift */; };
		B71D6F79292FDD91001574A0 /* CurrencyHistoryCell.swift in Sources */ = {isa = PBXBuildFile; fileRef = B71D6F76292FDD91001574A0 /* CurrencyHistoryCell.swift */; };
		B745531129273F2D00357BDD /* AppDelegate.swift in Sources */ = {isa = PBXBuildFile; fileRef = B745531029273F2D00357BDD /* AppDelegate.swift */; };
		B745531329273F2D00357BDD /* SceneDelegate.swift in Sources */ = {isa = PBXBuildFile; fileRef = B745531229273F2D00357BDD /* SceneDelegate.swift */; };
		B745531829273F2D00357BDD /* Main.storyboard in Resources */ = {isa = PBXBuildFile; fileRef = B745531629273F2D00357BDD /* Main.storyboard */; };
		B745531A29273F2F00357BDD /* Assets.xcassets in Resources */ = {isa = PBXBuildFile; fileRef = B745531929273F2F00357BDD /* Assets.xcassets */; };
		B745531D29273F2F00357BDD /* LaunchScreen.storyboard in Resources */ = {isa = PBXBuildFile; fileRef = B745531B29273F2F00357BDD /* LaunchScreen.storyboard */; };
/* End PBXBuildFile section */

/* Begin PBXFileReference section */
		B71D6F4B292FA014001574A0 /* Currency.swift */ = {isa = PBXFileReference; fileEncoding = 4; lastKnownFileType = sourcecode.swift; path = Currency.swift; sourceTree = "<group>"; };
		B71D6F4C292FA014001574A0 /* Result.swift */ = {isa = PBXFileReference; fileEncoding = 4; lastKnownFileType = sourcecode.swift; path = Result.swift; sourceTree = "<group>"; };
		B71D6F4D292FA014001574A0 /* ConversionData.swift */ = {isa = PBXFileReference; fileEncoding = 4; lastKnownFileType = sourcecode.swift; path = ConversionData.swift; sourceTree = "<group>"; };
		B71D6F4E292FA014001574A0 /* CurrencyHistory.swift */ = {isa = PBXFileReference; fileEncoding = 4; lastKnownFileType = sourcecode.swift; path = CurrencyHistory.swift; sourceTree = "<group>"; };
		B71D6F4F292FA014001574A0 /* RatesDetailModel.swift */ = {isa = PBXFileReference; fileEncoding = 4; lastKnownFileType = sourcecode.swift; path = RatesDetailModel.swift; sourceTree = "<group>"; };
		B71D6F50292FA014001574A0 /* ErrorModel.swift */ = {isa = PBXFileReference; fileEncoding = 4; lastKnownFileType = sourcecode.swift; path = ErrorModel.swift; sourceTree = "<group>"; };
		B71D6F58292FA074001574A0 /* ApiHandler.swift */ = {isa = PBXFileReference; fileEncoding = 4; lastKnownFileType = sourcecode.swift; path = ApiHandler.swift; sourceTree = "<group>"; };
		B71D6F5B292FA091001574A0 /* Settings.swift */ = {isa = PBXFileReference; fileEncoding = 4; lastKnownFileType = sourcecode.swift; path = Settings.swift; sourceTree = "<group>"; };
		B71D6F5C292FA091001574A0 /* CommonMethods.swift */ = {isa = PBXFileReference; fileEncoding = 4; lastKnownFileType = sourcecode.swift; path = CommonMethods.swift; sourceTree = "<group>"; };
		B71D6F60292FA0D2001574A0 /* UIAlertView.swift */ = {isa = PBXFileReference; fileEncoding = 4; lastKnownFileType = sourcecode.swift; path = UIAlertView.swift; sourceTree = "<group>"; };
		B71D6F61292FA0D2001574A0 /* UIActivityIndicatorView.swift */ = {isa = PBXFileReference; fileEncoding = 4; lastKnownFileType = sourcecode.swift; path = UIActivityIndicatorView.swift; sourceTree = "<group>"; };
		B71D6F65292FA13E001574A0 /* HistoryMainVC.swift */ = {isa = PBXFileReference; fileEncoding = 4; lastKnownFileType = sourcecode.swift; path = HistoryMainVC.swift; sourceTree = "<group>"; };
		B71D6F66292FA13E001574A0 /* CurrencyDetailsVC.swift */ = {isa = PBXFileReference; fileEncoding = 4; lastKnownFileType = sourcecode.swift; path = CurrencyDetailsVC.swift; sourceTree = "<group>"; };
		B71D6F67292FA13E001574A0 /* HistoryDetailsVC.swift */ = {isa = PBXFileReference; fileEncoding = 4; lastKnownFileType = sourcecode.swift; path = HistoryDetailsVC.swift; sourceTree = "<group>"; };
		B71D6F68292FA13E001574A0 /* RatesTVC.swift */ = {isa = PBXFileReference; fileEncoding = 4; lastKnownFileType = sourcecode.swift; path = RatesTVC.swift; sourceTree = "<group>"; };
		B71D6F6A292FA13E001574A0 /* ConverterVC.swift */ = {isa = PBXFileReference; fileEncoding = 4; lastKnownFileType = sourcecode.swift; path = ConverterVC.swift; sourceTree = "<group>"; };
		B71D6F6B292FA13E001574A0 /* CurrenciesVC.swift */ = {isa = PBXFileReference; fileEncoding = 4; lastKnownFileType = sourcecode.swift; path = CurrenciesVC.swift; sourceTree = "<group>"; };
		B71D6F74292FDD91001574A0 /* RateCell.swift */ = {isa = PBXFileReference; fileEncoding = 4; lastKnownFileType = sourcecode.swift; path = RateCell.swift; sourceTree = "<group>"; };
		B71D6F75292FDD91001574A0 /* CurrencyCell.swift */ = {isa = PBXFileReference; fileEncoding = 4; lastKnownFileType = sourcecode.swift; path = CurrencyCell.swift; sourceTree = "<group>"; };
		B71D6F76292FDD91001574A0 /* CurrencyHistoryCell.swift */ = {isa = PBXFileReference; fileEncoding = 4; lastKnownFileType = sourcecode.swift; path = CurrencyHistoryCell.swift; sourceTree = "<group>"; };
		B745530D29273F2D00357BDD /* Currency.app */ = {isa = PBXFileReference; explicitFileType = wrapper.application; includeInIndex = 0; path = Currency.app; sourceTree = BUILT_PRODUCTS_DIR; };
		B745531029273F2D00357BDD /* AppDelegate.swift */ = {isa = PBXFileReference; lastKnownFileType = sourcecode.swift; path = AppDelegate.swift; sourceTree = "<group>"; };
		B745531229273F2D00357BDD /* SceneDelegate.swift */ = {isa = PBXFileReference; lastKnownFileType = sourcecode.swift; path = SceneDelegate.swift; sourceTree = "<group>"; };
		B745531729273F2D00357BDD /* Base */ = {isa = PBXFileReference; lastKnownFileType = file.storyboard; name = Base; path = Base.lproj/Main.storyboard; sourceTree = "<group>"; };
		B745531929273F2F00357BDD /* Assets.xcassets */ = {isa = PBXFileReference; lastKnownFileType = folder.assetcatalog; path = Assets.xcassets; sourceTree = "<group>"; };
		B745531C29273F2F00357BDD /* Base */ = {isa = PBXFileReference; lastKnownFileType = file.storyboard; name = Base; path = Base.lproj/LaunchScreen.storyboard; sourceTree = "<group>"; };
		B745531E29273F2F00357BDD /* Info.plist */ = {isa = PBXFileReference; lastKnownFileType = text.plist.xml; path = Info.plist; sourceTree = "<group>"; };
/* End PBXFileReference section */

/* Begin PBXFrameworksBuildPhase section */
		B745530A29273F2D00357BDD /* Frameworks */ = {
			isa = PBXFrameworksBuildPhase;
			buildActionMask = 2147483647;
			files = (
			);
			runOnlyForDeploymentPostprocessing = 0;
		};
/* End PBXFrameworksBuildPhase section */

/* Begin PBXGroup section */
		B71D6F4A292FA014001574A0 /* Models */ = {
			isa = PBXGroup;
			children = (
				B71D6F4B292FA014001574A0 /* Currency.swift */,
				B71D6F4C292FA014001574A0 /* Result.swift */,
				B71D6F4D292FA014001574A0 /* ConversionData.swift */,
				B71D6F4E292FA014001574A0 /* CurrencyHistory.swift */,
				B71D6F4F292FA014001574A0 /* RatesDetailModel.swift */,
				B71D6F50292FA014001574A0 /* ErrorModel.swift */,
			);
			path = Models;
			sourceTree = "<group>";
		};
		B71D6F57292FA074001574A0 /* Network */ = {
			isa = PBXGroup;
			children = (
				B71D6F58292FA074001574A0 /* ApiHandler.swift */,
			);
			path = Network;
			sourceTree = "<group>";
		};
		B71D6F5A292FA091001574A0 /* Helpers */ = {
			isa = PBXGroup;
			children = (
				B71D6F5B292FA091001574A0 /* Settings.swift */,
				B71D6F5C292FA091001574A0 /* CommonMethods.swift */,
			);
			path = Helpers;
			sourceTree = "<group>";
		};
		B71D6F5F292FA0D2001574A0 /* Extensions */ = {
			isa = PBXGroup;
			children = (
				B71D6F60292FA0D2001574A0 /* UIAlertView.swift */,
				B71D6F61292FA0D2001574A0 /* UIActivityIndicatorView.swift */,
			);
			path = Extensions;
			sourceTree = "<group>";
		};
		B71D6F64292FA13E001574A0 /* Controllers */ = {
			isa = PBXGroup;
			children = (
				B71D6F65292FA13E001574A0 /* HistoryMainVC.swift */,
				B71D6F66292FA13E001574A0 /* CurrencyDetailsVC.swift */,
				B71D6F67292FA13E001574A0 /* HistoryDetailsVC.swift */,
				B71D6F68292FA13E001574A0 /* RatesTVC.swift */,
				B71D6F6A292FA13E001574A0 /* ConverterVC.swift */,
				B71D6F6B292FA13E001574A0 /* CurrenciesVC.swift */,
			);
			path = Controllers;
			sourceTree = "<group>";
		};
		B71D6F73292FDD91001574A0 /* Views */ = {
			isa = PBXGroup;
			children = (
				B71D6F74292FDD91001574A0 /* RateCell.swift */,
				B71D6F75292FDD91001574A0 /* CurrencyCell.swift */,
				B71D6F76292FDD91001574A0 /* CurrencyHistoryCell.swift */,
			);
			path = Views;
			sourceTree = "<group>";
		};
		B745530429273F2D00357BDD = {
			isa = PBXGroup;
			children = (
				B745530F29273F2D00357BDD /* Currency */,
				B745530E29273F2D00357BDD /* Products */,
			);
			sourceTree = "<group>";
		};
		B745530E29273F2D00357BDD /* Products */ = {
			isa = PBXGroup;
			children = (
				B745530D29273F2D00357BDD /* Currency.app */,
			);
			name = Products;
			sourceTree = "<group>";
		};
		B745530F29273F2D00357BDD /* Currency */ = {
			isa = PBXGroup;
			children = (
				B745531029273F2D00357BDD /* AppDelegate.swift */,
				B745531229273F2D00357BDD /* SceneDelegate.swift */,
				B71D6F73292FDD91001574A0 /* Views */,
				B71D6F64292FA13E001574A0 /* Controllers */,
				B71D6F5F292FA0D2001574A0 /* Extensions */,
				B71D6F5A292FA091001574A0 /* Helpers */,
				B71D6F57292FA074001574A0 /* Network */,
				B71D6F4A292FA014001574A0 /* Models */,
				B745531629273F2D00357BDD /* Main.storyboard */,
				B745531929273F2F00357BDD /* Assets.xcassets */,
				B745531B29273F2F00357BDD /* LaunchScreen.storyboard */,
				B745531E29273F2F00357BDD /* Info.plist */,
			);
			path = Currency;
			sourceTree = "<group>";
		};
/* End PBXGroup section */

/* Begin PBXNativeTarget section */
		B745530C29273F2D00357BDD /* Currency */ = {
			isa = PBXNativeTarget;
			buildConfigurationList = B745532129273F2F00357BDD /* Build configuration list for PBXNativeTarget "Currency" */;
			buildPhases = (
				B745530929273F2D00357BDD /* Sources */,
				B745530A29273F2D00357BDD /* Frameworks */,
				B745530B29273F2D00357BDD /* Resources */,
			);
			buildRules = (
			);
			dependencies = (
			);
			name = Currency;
			productName = Currency;
			productReference = B745530D29273F2D00357BDD /* Currency.app */;
			productType = "com.apple.product-type.application";
		};
/* End PBXNativeTarget section */

/* Begin PBXProject section */
		B745530529273F2D00357BDD /* Project object */ = {
			isa = PBXProject;
			attributes = {
				BuildIndependentTargetsInParallel = 1;
				LastSwiftUpdateCheck = 1400;
				LastUpgradeCheck = 1400;
				TargetAttributes = {
					B745530C29273F2D00357BDD = {
						CreatedOnToolsVersion = 14.0.1;
					};
				};
			};
			buildConfigurationList = B745530829273F2D00357BDD /* Build configuration list for PBXProject "Currency" */;
			compatibilityVersion = "Xcode 13.0";
			developmentRegion = en;
			hasScannedForEncodings = 0;
			knownRegions = (
				en,
				Base,
			);
			mainGroup = B745530429273F2D00357BDD;
			productRefGroup = B745530E29273F2D00357BDD /* Products */;
			projectDirPath = "";
			projectRoot = "";
			targets = (
				B745530C29273F2D00357BDD /* Currency */,
			);
		};
/* End PBXProject section */

/* Begin PBXResourcesBuildPhase section */
		B745530B29273F2D00357BDD /* Resources */ = {
			isa = PBXResourcesBuildPhase;
			buildActionMask = 2147483647;
			files = (
				B745531D29273F2F00357BDD /* LaunchScreen.storyboard in Resources */,
				B745531A29273F2F00357BDD /* Assets.xcassets in Resources */,
				B745531829273F2D00357BDD /* Main.storyboard in Resources */,
			);
			runOnlyForDeploymentPostprocessing = 0;
		};
/* End PBXResourcesBuildPhase section */

/* Begin PBXSourcesBuildPhase section */
		B745530929273F2D00357BDD /* Sources */ = {
			isa = PBXSourcesBuildPhase;
			buildActionMask = 2147483647;
			files = (
				B71D6F51292FA014001574A0 /* Currency.swift in Sources */,
				B71D6F52292FA014001574A0 /* Result.swift in Sources */,
				B71D6F6F292FA13E001574A0 /* RatesTVC.swift in Sources */,
				B71D6F5E292FA092001574A0 /* CommonMethods.swift in Sources */,
				B71D6F6E292FA13E001574A0 /* HistoryDetailsVC.swift in Sources */,
				B71D6F53292FA014001574A0 /* ConversionData.swift in Sources */,
				B71D6F78292FDD91001574A0 /* CurrencyCell.swift in Sources */,
				B71D6F72292FA13E001574A0 /* CurrenciesVC.swift in Sources */,
				B71D6F55292FA014001574A0 /* RatesDetailModel.swift in Sources */,
				B71D6F54292FA014001574A0 /* CurrencyHistory.swift in Sources */,
				B71D6F71292FA13E001574A0 /* ConverterVC.swift in Sources */,
				B71D6F56292FA014001574A0 /* ErrorModel.swift in Sources */,
				B71D6F59292FA074001574A0 /* ApiHandler.swift in Sources */,
				B745531129273F2D00357BDD /* AppDelegate.swift in Sources */,
				B71D6F6C292FA13E001574A0 /* HistoryMainVC.swift in Sources */,
				B71D6F62292FA0D2001574A0 /* UIAlertView.swift in Sources */,
				B71D6F79292FDD91001574A0 /* CurrencyHistoryCell.swift in Sources */,
				B71D6F6D292FA13E001574A0 /* CurrencyDetailsVC.swift in Sources */,
				B71D6F5D292FA092001574A0 /* Settings.swift in Sources */,
				B745531329273F2D00357BDD /* SceneDelegate.swift in Sources */,
				B71D6F63292FA0D2001574A0 /* UIActivityIndicatorView.swift in Sources */,
				B71D6F77292FDD91001574A0 /* RateCell.swift in Sources */,
			);
			runOnlyForDeploymentPostprocessing = 0;
		};
/* End PBXSourcesBuildPhase section */

/* Begin PBXVariantGroup section */
		B745531629273F2D00357BDD /* Main.storyboard */ = {
			isa = PBXVariantGroup;
			children = (
				B745531729273F2D00357BDD /* Base */,
			);
			name = Main.storyboard;
			sourceTree = "<group>";
		};
		B745531B29273F2F00357BDD /* LaunchScreen.storyboard */ = {
			isa = PBXVariantGroup;
			children = (
				B745531C29273F2F00357BDD /* Base */,
			);
			name = LaunchScreen.storyboard;
			sourceTree = "<group>";
		};
/* End PBXVariantGroup section */

/* Begin XCBuildConfiguration section */
		B745531F29273F2F00357BDD /* Debug */ = {
			isa = XCBuildConfiguration;
			buildSettings = {
				ALWAYS_SEARCH_USER_PATHS = NO;
				CLANG_ANALYZER_NONNULL = YES;
				CLANG_ANALYZER_NUMBER_OBJECT_CONVERSION = YES_AGGRESSIVE;
				CLANG_CXX_LANGUAGE_STANDARD = "gnu++20";
				CLANG_ENABLE_MODULES = YES;
				CLANG_ENABLE_OBJC_ARC = YES;
				CLANG_ENABLE_OBJC_WEAK = YES;
				CLANG_WARN_BLOCK_CAPTURE_AUTORELEASING = YES;
				CLANG_WARN_BOOL_CONVERSION = YES;
				CLANG_WARN_COMMA = YES;
				CLANG_WARN_CONSTANT_CONVERSION = YES;
				CLANG_WARN_DEPRECATED_OBJC_IMPLEMENTATIONS = YES;
				CLANG_WARN_DIRECT_OBJC_ISA_USAGE = YES_ERROR;
				CLANG_WARN_DOCUMENTATION_COMMENTS = YES;
				CLANG_WARN_EMPTY_BODY = YES;
				CLANG_WARN_ENUM_CONVERSION = YES;
				CLANG_WARN_INFINITE_RECURSION = YES;
				CLANG_WARN_INT_CONVERSION = YES;
				CLANG_WARN_NON_LITERAL_NULL_CONVERSION = YES;
				CLANG_WARN_OBJC_IMPLICIT_RETAIN_SELF = YES;
				CLANG_WARN_OBJC_LITERAL_CONVERSION = YES;
				CLANG_WARN_OBJC_ROOT_CLASS = YES_ERROR;
				CLANG_WARN_QUOTED_INCLUDE_IN_FRAMEWORK_HEADER = YES;
				CLANG_WARN_RANGE_LOOP_ANALYSIS = YES;
				CLANG_WARN_STRICT_PROTOTYPES = YES;
				CLANG_WARN_SUSPICIOUS_MOVE = YES;
				CLANG_WARN_UNGUARDED_AVAILABILITY = YES_AGGRESSIVE;
				CLANG_WARN_UNREACHABLE_CODE = YES;
				CLANG_WARN__DUPLICATE_METHOD_MATCH = YES;
				COPY_PHASE_STRIP = NO;
				DEBUG_INFORMATION_FORMAT = dwarf;
				ENABLE_STRICT_OBJC_MSGSEND = YES;
				ENABLE_TESTABILITY = YES;
				GCC_C_LANGUAGE_STANDARD = gnu11;
				GCC_DYNAMIC_NO_PIC = NO;
				GCC_NO_COMMON_BLOCKS = YES;
				GCC_OPTIMIZATION_LEVEL = 0;
				GCC_PREPROCESSOR_DEFINITIONS = (
					"DEBUG=1",
					"$(inherited)",
				);
				GCC_WARN_64_TO_32_BIT_CONVERSION = YES;
				GCC_WARN_ABOUT_RETURN_TYPE = YES_ERROR;
				GCC_WARN_UNDECLARED_SELECTOR = YES;
				GCC_WARN_UNINITIALIZED_AUTOS = YES_AGGRESSIVE;
				GCC_WARN_UNUSED_FUNCTION = YES;
				GCC_WARN_UNUSED_VARIABLE = YES;
				IPHONEOS_DEPLOYMENT_TARGET = 16.0;
				MTL_ENABLE_DEBUG_INFO = INCLUDE_SOURCE;
				MTL_FAST_MATH = YES;
				ONLY_ACTIVE_ARCH = YES;
				SDKROOT = iphoneos;
				SWIFT_ACTIVE_COMPILATION_CONDITIONS = DEBUG;
				SWIFT_OPTIMIZATION_LEVEL = "-Onone";
			};
			name = Debug;
		};
		B745532029273F2F00357BDD /* Release */ = {
			isa = XCBuildConfiguration;
			buildSettings = {
				ALWAYS_SEARCH_USER_PATHS = NO;
				CLANG_ANALYZER_NONNULL = YES;
				CLANG_ANALYZER_NUMBER_OBJECT_CONVERSION = YES_AGGRESSIVE;
				CLANG_CXX_LANGUAGE_STANDARD = "gnu++20";
				CLANG_ENABLE_MODULES = YES;
				CLANG_ENABLE_OBJC_ARC = YES;
				CLANG_ENABLE_OBJC_WEAK = YES;
				CLANG_WARN_BLOCK_CAPTURE_AUTORELEASING = YES;
				CLANG_WARN_BOOL_CONVERSION = YES;
				CLANG_WARN_COMMA = YES;
				CLANG_WARN_CONSTANT_CONVERSION = YES;
				CLANG_WARN_DEPRECATED_OBJC_IMPLEMENTATIONS = YES;
				CLANG_WARN_DIRECT_OBJC_ISA_USAGE = YES_ERROR;
				CLANG_WARN_DOCUMENTATION_COMMENTS = YES;
				CLANG_WARN_EMPTY_BODY = YES;
				CLANG_WARN_ENUM_CONVERSION = YES;
				CLANG_WARN_INFINITE_RECURSION = YES;
				CLANG_WARN_INT_CONVERSION = YES;
				CLANG_WARN_NON_LITERAL_NULL_CONVERSION = YES;
				CLANG_WARN_OBJC_IMPLICIT_RETAIN_SELF = YES;
				CLANG_WARN_OBJC_LITERAL_CONVERSION = YES;
				CLANG_WARN_OBJC_ROOT_CLASS = YES_ERROR;
				CLANG_WARN_QUOTED_INCLUDE_IN_FRAMEWORK_HEADER = YES;
				CLANG_WARN_RANGE_LOOP_ANALYSIS = YES;
				CLANG_WARN_STRICT_PROTOTYPES = YES;
				CLANG_WARN_SUSPICIOUS_MOVE = YES;
				CLANG_WARN_UNGUARDED_AVAILABILITY = YES_AGGRESSIVE;
				CLANG_WARN_UNREACHABLE_CODE = YES;
				CLANG_WARN__DUPLICATE_METHOD_MATCH = YES;
				COPY_PHASE_STRIP = NO;
				DEBUG_INFORMATION_FORMAT = "dwarf-with-dsym";
				ENABLE_NS_ASSERTIONS = NO;
				ENABLE_STRICT_OBJC_MSGSEND = YES;
				GCC_C_LANGUAGE_STANDARD = gnu11;
				GCC_NO_COMMON_BLOCKS = YES;
				GCC_WARN_64_TO_32_BIT_CONVERSION = YES;
				GCC_WARN_ABOUT_RETURN_TYPE = YES_ERROR;
				GCC_WARN_UNDECLARED_SELECTOR = YES;
				GCC_WARN_UNINITIALIZED_AUTOS = YES_AGGRESSIVE;
				GCC_WARN_UNUSED_FUNCTION = YES;
				GCC_WARN_UNUSED_VARIABLE = YES;
				IPHONEOS_DEPLOYMENT_TARGET = 16.0;
				MTL_ENABLE_DEBUG_INFO = NO;
				MTL_FAST_MATH = YES;
				SDKROOT = iphoneos;
				SWIFT_COMPILATION_MODE = wholemodule;
				SWIFT_OPTIMIZATION_LEVEL = "-O";
				VALIDATE_PRODUCT = YES;
			};
			name = Release;
		};
		B745532229273F2F00357BDD /* Debug */ = {
			isa = XCBuildConfiguration;
			buildSettings = {
				ASSETCATALOG_COMPILER_APPICON_NAME = AppIcon;
				ASSETCATALOG_COMPILER_GLOBAL_ACCENT_COLOR_NAME = AccentColor;
				CODE_SIGN_STYLE = Automatic;
				CURRENT_PROJECT_VERSION = 1;
				DEVELOPMENT_TEAM = C8W769NT8Z;
				GENERATE_INFOPLIST_FILE = YES;
				INFOPLIST_FILE = Currency/Info.plist;
				INFOPLIST_KEY_UIApplicationSupportsIndirectInputEvents = YES;
				INFOPLIST_KEY_UILaunchStoryboardName = LaunchScreen;
				INFOPLIST_KEY_UIMainStoryboardFile = Main;
				INFOPLIST_KEY_UISupportedInterfaceOrientations_iPad = "UIInterfaceOrientationPortrait UIInterfaceOrientationPortraitUpsideDown UIInterfaceOrientationLandscapeLeft UIInterfaceOrientationLandscapeRight";
				INFOPLIST_KEY_UISupportedInterfaceOrientations_iPhone = "UIInterfaceOrientationPortrait UIInterfaceOrientationLandscapeLeft UIInterfaceOrientationLandscapeRight";
				IPHONEOS_DEPLOYMENT_TARGET = 13.5;
				LD_RUNPATH_SEARCH_PATHS = (
					"$(inherited)",
					"@executable_path/Frameworks",
				);
				MARKETING_VERSION = 1.0;
				PRODUCT_BUNDLE_IDENTIFIER = com.currency.Currency;
				PRODUCT_NAME = "$(TARGET_NAME)";
				SUPPORTED_PLATFORMS = "iphoneos iphonesimulator";
				SUPPORTS_MACCATALYST = NO;
				SUPPORTS_MAC_DESIGNED_FOR_IPHONE_IPAD = NO;
				SWIFT_EMIT_LOC_STRINGS = YES;
				SWIFT_VERSION = 5.0;
				TARGETED_DEVICE_FAMILY = 1;
			};
			name = Debug;
		};
		B745532329273F2F00357BDD /* Release */ = {
			isa = XCBuildConfiguration;
			buildSettings = {
				ASSETCATALOG_COMPILER_APPICON_NAME = AppIcon;
				ASSETCATALOG_COMPILER_GLOBAL_ACCENT_COLOR_NAME = AccentColor;
				CODE_SIGN_STYLE = Automatic;
				CURRENT_PROJECT_VERSION = 1;
				DEVELOPMENT_TEAM = C8W769NT8Z;
				GENERATE_INFOPLIST_FILE = YES;
				INFOPLIST_FILE = Currency/Info.plist;
				INFOPLIST_KEY_UIApplicationSupportsIndirectInputEvents = YES;
				INFOPLIST_KEY_UILaunchStoryboardName = LaunchScreen;
				INFOPLIST_KEY_UIMainStoryboardFile = Main;
				INFOPLIST_KEY_UISupportedInterfaceOrientations_iPad = "UIInterfaceOrientationPortrait UIInterfaceOrientationPortraitUpsideDown UIInterfaceOrientationLandscapeLeft UIInterfaceOrientationLandscapeRight";
				INFOPLIST_KEY_UISupportedInterfaceOrientations_iPhone = "UIInterfaceOrientationPortrait UIInterfaceOrientationLandscapeLeft UIInterfaceOrientationLandscapeRight";
				IPHONEOS_DEPLOYMENT_TARGET = 13.5;
				LD_RUNPATH_SEARCH_PATHS = (
					"$(inherited)",
					"@executable_path/Frameworks",
				);
				MARKETING_VERSION = 1.0;
				PRODUCT_BUNDLE_IDENTIFIER = com.currency.Currency;
				PRODUCT_NAME = "$(TARGET_NAME)";
				SUPPORTED_PLATFORMS = "iphoneos iphonesimulator";
				SUPPORTS_MACCATALYST = NO;
				SUPPORTS_MAC_DESIGNED_FOR_IPHONE_IPAD = NO;
				SWIFT_EMIT_LOC_STRINGS = YES;
				SWIFT_VERSION = 5.0;
				TARGETED_DEVICE_FAMILY = 1;
			};
			name = Release;
		};
/* End XCBuildConfiguration section */

/* Begin XCConfigurationList section */
		B745530829273F2D00357BDD /* Build configuration list for PBXProject "Currency" */ = {
			isa = XCConfigurationList;
			buildConfigurations = (
				B745531F29273F2F00357BDD /* Debug */,
				B745532029273F2F00357BDD /* Release */,
			);
			defaultConfigurationIsVisible = 0;
			defaultConfigurationName = Release;
		};
		B745532129273F2F00357BDD /* Build configuration list for PBXNativeTarget "Currency" */ = {
			isa = XCConfigurationList;
			buildConfigurations = (
				B745532229273F2F00357BDD /* Debug */,
				B745532329273F2F00357BDD /* Release */,
			);
			defaultConfigurationIsVisible = 0;
			defaultConfigurationName = Release;
		};
/* End XCConfigurationList section */
	};
	rootObject = B745530529273F2D00357BDD /* Project object */;
}
